
Microsoft Visual Studio Solution File, Format Version 12.00
# Visual Studio Version 17
VisualStudioVersion = 17.5.33516.290
MinimumVisualStudioVersion = 10.0.40219.1
Project("{FAE04EC0-301F-11D3-BF4B-00C04F79EFBC}") = "tp3-equipo25", "tp3-equipo25\tp3-equipo25.csproj", "{5A3D72A6-0BBB-4B46-8949-1B6424FA7843}"
EndProject
Global
	GlobalSection(SolutionConfigurationPlatforms) = preSolution
		Debug|Any CPU = Debug|Any CPU
		Release|Any CPU = Release|Any CPU
	EndGlobalSection
	GlobalSection(ProjectConfigurationPlatforms) = postSolution
		{5A3D72A6-0BBB-4B46-8949-1B6424FA7843}.Debug|Any CPU.ActiveCfg = Debug|Any CPU
		{5A3D72A6-0BBB-4B46-8949-1B6424FA7843}.Debug|Any CPU.Build.0 = Debug|Any CPU
		{5A3D72A6-0BBB-4B46-8949-1B6424FA7843}.Release|Any CPU.ActiveCfg = Release|Any CPU
		{5A3D72A6-0BBB-4B46-8949-1B6424FA7843}.Release|Any CPU.Build.0 = Release|Any CPU
	EndGlobalSection
	GlobalSection(SolutionProperties) = preSolution
		HideSolutionNode = FALSE
	EndGlobalSection
	GlobalSection(ExtensibilityGlobals) = postSolution
		SolutionGuid = {352A16BB-19F1-4757-946F-7DD44460916B}
	EndGlobalSection
EndGlobal
